
Microsoft Visual Studio Solution File, Format Version 12.00
# Visual Studio 15
VisualStudioVersion = 15.0.27703.2042
MinimumVisualStudioVersion = 10.0.40219.1
Project("{FAE04EC0-301F-11D3-BF4B-00C04F79EFBC}") = "CastleWindsor.Test", "CastleWindsor.Test\CastleWindsor.Test.csproj", "{F674EF51-4A73-4BB4-9A3C-78AF6FC51282}"
EndProject
Global
	GlobalSection(SolutionConfigurationPlatforms) = preSolution
		Debug|Any CPU = Debug|Any CPU
		Release|Any CPU = Release|Any CPU
	EndGlobalSection
	GlobalSection(ProjectConfigurationPlatforms) = postSolution
		{F674EF51-4A73-4BB4-9A3C-78AF6FC51282}.Debug|Any CPU.ActiveCfg = Debug|Any CPU
		{F674EF51-4A73-4BB4-9A3C-78AF6FC51282}.Debug|Any CPU.Build.0 = Debug|Any CPU
		{F674EF51-4A73-4BB4-9A3C-78AF6FC51282}.Release|Any CPU.ActiveCfg = Release|Any CPU
		{F674EF51-4A73-4BB4-9A3C-78AF6FC51282}.Release|Any CPU.Build.0 = Release|Any CPU
	EndGlobalSection
	GlobalSection(SolutionProperties) = preSolution
		HideSolutionNode = FALSE
	EndGlobalSection
	GlobalSection(ExtensibilityGlobals) = postSolution
		SolutionGuid = {8CCFB9FA-B839-40A9-9205-5B909B75813D}
	EndGlobalSection
EndGlobal
